// !$*UTF8*$!
{
	archiveVersion = 1;
	classes = {
	};
	objectVersion = 50;
	objects = {

/* Begin PBXBuildFile section */
		49079881216F7F12000C9BEC /* AppDelegate.swift in Sources */ = {isa = PBXBuildFile; fileRef = 49079880216F7F12000C9BEC /* AppDelegate.swift */; };
		49079886216F7F12000C9BEC /* Main.storyboard in Resources */ = {isa = PBXBuildFile; fileRef = 49079884216F7F12000C9BEC /* Main.storyboard */; };
		49079889216F7F12000C9BEC /* LosTrouvee.xcdatamodeld in Sources */ = {isa = PBXBuildFile; fileRef = 49079887216F7F12000C9BEC /* LosTrouvee.xcdatamodeld */; };
		4907988B216F7F13000C9BEC /* Assets.xcassets in Resources */ = {isa = PBXBuildFile; fileRef = 4907988A216F7F13000C9BEC /* Assets.xcassets */; };
		4907988E216F7F13000C9BEC /* LaunchScreen.storyboard in Resources */ = {isa = PBXBuildFile; fileRef = 4907988C216F7F13000C9BEC /* LaunchScreen.storyboard */; };
		49079899216F7F14000C9BEC /* LosTrouveeTests.swift in Sources */ = {isa = PBXBuildFile; fileRef = 49079898216F7F14000C9BEC /* LosTrouveeTests.swift */; };
		490798A4216F7F14000C9BEC /* LosTrouveeUITests.swift in Sources */ = {isa = PBXBuildFile; fileRef = 490798A3216F7F14000C9BEC /* LosTrouveeUITests.swift */; };
		4918CEE321D3CAD9005E0303 /* AddItemTableViewController.swift in Sources */ = {isa = PBXBuildFile; fileRef = 4918CEE221D3CAD9005E0303 /* AddItemTableViewController.swift */; };
		4918CEE521D3E79C005E0303 /* StringExtension.swift in Sources */ = {isa = PBXBuildFile; fileRef = 4918CEE421D3E79C005E0303 /* StringExtension.swift */; };
		4948091221DD3FE3008DB623 /* LoginTableViewController.swift in Sources */ = {isa = PBXBuildFile; fileRef = 4948091121DD3FE3008DB623 /* LoginTableViewController.swift */; };
		4948091421DD3FEC008DB623 /* RegisterTableViewController.swift in Sources */ = {isa = PBXBuildFile; fileRef = 4948091321DD3FEC008DB623 /* RegisterTableViewController.swift */; };
		4948091621DD40E1008DB623 /* ViewControllerExtension.swift in Sources */ = {isa = PBXBuildFile; fileRef = 4948091521DD40E1008DB623 /* ViewControllerExtension.swift */; };
		49638A3B21AEDACB00CBC6C2 /* ItemsTableViewController.swift in Sources */ = {isa = PBXBuildFile; fileRef = 49638A3A21AEDACB00CBC6C2 /* ItemsTableViewController.swift */; };
		49638A3E21AEDB8C00CBC6C2 /* ItemTableViewCell.swift in Sources */ = {isa = PBXBuildFile; fileRef = 49638A3D21AEDB8C00CBC6C2 /* ItemTableViewCell.swift */; };
		49D4114E219DE637008804F5 /* Item.swift in Sources */ = {isa = PBXBuildFile; fileRef = 49D4114D219DE637008804F5 /* Item.swift */; };
		49D41153219DE94E008804F5 /* User.swift in Sources */ = {isa = PBXBuildFile; fileRef = 49D41152219DE94E008804F5 /* User.swift */; };
		49D41155219DEA7E008804F5 /* DummyData.swift in Sources */ = {isa = PBXBuildFile; fileRef = 49D41154219DEA7E008804F5 /* DummyData.swift */; };
		84BA1C3216EA6FE824D04C46 /* Pods_LosTrouvee.framework in Frameworks */ = {isa = PBXBuildFile; fileRef = 052BB08F4AE2AAEB753FD85E /* Pods_LosTrouvee.framework */; };
		8561451388DE9FA3E0398FE4 /* Pods_LosTrouveeTests.framework in Frameworks */ = {isa = PBXBuildFile; fileRef = 93DA0CBC8EBDC48048AFF26D /* Pods_LosTrouveeTests.framework */; };
		CD55C18096749EB7434CD6E9 /* Pods_LosTrouveeUITests.framework in Frameworks */ = {isa = PBXBuildFile; fileRef = EE822E8A6E46F88ABD50F3F6 /* Pods_LosTrouveeUITests.framework */; };
/* End PBXBuildFile section */

/* Begin PBXContainerItemProxy section */
		49079895216F7F14000C9BEC /* PBXContainerItemProxy */ = {
			isa = PBXContainerItemProxy;
			containerPortal = 49079875216F7F12000C9BEC /* Project object */;
			proxyType = 1;
			remoteGlobalIDString = 4907987C216F7F12000C9BEC;
			remoteInfo = LosTrouvee;
		};
		490798A0216F7F14000C9BEC /* PBXContainerItemProxy */ = {
			isa = PBXContainerItemProxy;
			containerPortal = 49079875216F7F12000C9BEC /* Project object */;
			proxyType = 1;
			remoteGlobalIDString = 4907987C216F7F12000C9BEC;
			remoteInfo = LosTrouvee;
		};
/* End PBXContainerItemProxy section */

/* Begin PBXFileReference section */
		006512FE1F5E0B7D48E1A6DE /* Pods-LosTrouvee.release.xcconfig */ = {isa = PBXFileReference; includeInIndex = 1; lastKnownFileType = text.xcconfig; name = "Pods-LosTrouvee.release.xcconfig"; path = "Pods/Target Support Files/Pods-LosTrouvee/Pods-LosTrouvee.release.xcconfig"; sourceTree = "<group>"; };
		052BB08F4AE2AAEB753FD85E /* Pods_LosTrouvee.framework */ = {isa = PBXFileReference; explicitFileType = wrapper.framework; includeInIndex = 0; path = Pods_LosTrouvee.framework; sourceTree = BUILT_PRODUCTS_DIR; };
		17FCC58AB8CD1D1957726063 /* Pods-LosTrouvee.debug.xcconfig */ = {isa = PBXFileReference; includeInIndex = 1; lastKnownFileType = text.xcconfig; name = "Pods-LosTrouvee.debug.xcconfig"; path = "Pods/Target Support Files/Pods-LosTrouvee/Pods-LosTrouvee.debug.xcconfig"; sourceTree = "<group>"; };
		2F9EA35DF7CE407D4F673BC3 /* Pods-LosTrouveeTests.release.xcconfig */ = {isa = PBXFileReference; includeInIndex = 1; lastKnownFileType = text.xcconfig; name = "Pods-LosTrouveeTests.release.xcconfig"; path = "Pods/Target Support Files/Pods-LosTrouveeTests/Pods-LosTrouveeTests.release.xcconfig"; sourceTree = "<group>"; };
		40E86BB807AC6D70288DE3C5 /* Pods-LosTrouveeUITests.debug.xcconfig */ = {isa = PBXFileReference; includeInIndex = 1; lastKnownFileType = text.xcconfig; name = "Pods-LosTrouveeUITests.debug.xcconfig"; path = "Pods/Target Support Files/Pods-LosTrouveeUITests/Pods-LosTrouveeUITests.debug.xcconfig"; sourceTree = "<group>"; };
		4907987D216F7F12000C9BEC /* LosTrouvee.app */ = {isa = PBXFileReference; explicitFileType = wrapper.application; includeInIndex = 0; path = LosTrouvee.app; sourceTree = BUILT_PRODUCTS_DIR; };
		49079880216F7F12000C9BEC /* AppDelegate.swift */ = {isa = PBXFileReference; lastKnownFileType = sourcecode.swift; path = AppDelegate.swift; sourceTree = "<group>"; };
		49079885216F7F12000C9BEC /* Base */ = {isa = PBXFileReference; lastKnownFileType = file.storyboard; name = Base; path = Base.lproj/Main.storyboard; sourceTree = "<group>"; };
		49079888216F7F12000C9BEC /* LosTrouvee.xcdatamodel */ = {isa = PBXFileReference; lastKnownFileType = wrapper.xcdatamodel; path = LosTrouvee.xcdatamodel; sourceTree = "<group>"; };
		4907988A216F7F13000C9BEC /* Assets.xcassets */ = {isa = PBXFileReference; lastKnownFileType = folder.assetcatalog; path = Assets.xcassets; sourceTree = "<group>"; };
		4907988D216F7F13000C9BEC /* Base */ = {isa = PBXFileReference; lastKnownFileType = file.storyboard; name = Base; path = Base.lproj/LaunchScreen.storyboard; sourceTree = "<group>"; };
		4907988F216F7F13000C9BEC /* Info.plist */ = {isa = PBXFileReference; lastKnownFileType = text.plist.xml; path = Info.plist; sourceTree = "<group>"; };
		49079894216F7F14000C9BEC /* LosTrouveeTests.xctest */ = {isa = PBXFileReference; explicitFileType = wrapper.cfbundle; includeInIndex = 0; path = LosTrouveeTests.xctest; sourceTree = BUILT_PRODUCTS_DIR; };
		49079898216F7F14000C9BEC /* LosTrouveeTests.swift */ = {isa = PBXFileReference; lastKnownFileType = sourcecode.swift; path = LosTrouveeTests.swift; sourceTree = "<group>"; };
		4907989A216F7F14000C9BEC /* Info.plist */ = {isa = PBXFileReference; lastKnownFileType = text.plist.xml; path = Info.plist; sourceTree = "<group>"; };
		4907989F216F7F14000C9BEC /* LosTrouveeUITests.xctest */ = {isa = PBXFileReference; explicitFileType = wrapper.cfbundle; includeInIndex = 0; path = LosTrouveeUITests.xctest; sourceTree = BUILT_PRODUCTS_DIR; };
		490798A3216F7F14000C9BEC /* LosTrouveeUITests.swift */ = {isa = PBXFileReference; lastKnownFileType = sourcecode.swift; path = LosTrouveeUITests.swift; sourceTree = "<group>"; };
		490798A5216F7F14000C9BEC /* Info.plist */ = {isa = PBXFileReference; lastKnownFileType = text.plist.xml; path = Info.plist; sourceTree = "<group>"; };
		4918CEE221D3CAD9005E0303 /* AddItemTableViewController.swift */ = {isa = PBXFileReference; lastKnownFileType = sourcecode.swift; path = AddItemTableViewController.swift; sourceTree = "<group>"; };
		4918CEE421D3E79C005E0303 /* StringExtension.swift */ = {isa = PBXFileReference; lastKnownFileType = sourcecode.swift; path = StringExtension.swift; sourceTree = "<group>"; };
		4948091121DD3FE3008DB623 /* LoginTableViewController.swift */ = {isa = PBXFileReference; lastKnownFileType = sourcecode.swift; path = LoginTableViewController.swift; sourceTree = "<group>"; };
		4948091321DD3FEC008DB623 /* RegisterTableViewController.swift */ = {isa = PBXFileReference; lastKnownFileType = sourcecode.swift; path = RegisterTableViewController.swift; sourceTree = "<group>"; };
		4948091521DD40E1008DB623 /* ViewControllerExtension.swift */ = {isa = PBXFileReference; lastKnownFileType = sourcecode.swift; path = ViewControllerExtension.swift; sourceTree = "<group>"; };
		49638A3A21AEDACB00CBC6C2 /* ItemsTableViewController.swift */ = {isa = PBXFileReference; lastKnownFileType = sourcecode.swift; name = ItemsTableViewController.swift; path = "/Users/jari/Documents/School/Native Apps II - iOS/project-iOS/LosTrouvee/LosTrouvee/ItemsTableViewController.swift"; sourceTree = "<absolute>"; };
		49638A3D21AEDB8C00CBC6C2 /* ItemTableViewCell.swift */ = {isa = PBXFileReference; lastKnownFileType = sourcecode.swift; path = ItemTableViewCell.swift; sourceTree = "<group>"; };
		49D4114D219DE637008804F5 /* Item.swift */ = {isa = PBXFileReference; lastKnownFileType = sourcecode.swift; path = Item.swift; sourceTree = "<group>"; };
		49D41152219DE94E008804F5 /* User.swift */ = {isa = PBXFileReference; lastKnownFileType = sourcecode.swift; path = User.swift; sourceTree = "<group>"; };
		49D41154219DEA7E008804F5 /* DummyData.swift */ = {isa = PBXFileReference; lastKnownFileType = sourcecode.swift; path = DummyData.swift; sourceTree = "<group>"; };
		93DA0CBC8EBDC48048AFF26D /* Pods_LosTrouveeTests.framework */ = {isa = PBXFileReference; explicitFileType = wrapper.framework; includeInIndex = 0; path = Pods_LosTrouveeTests.framework; sourceTree = BUILT_PRODUCTS_DIR; };
		AC0213812E5498682EE4E8E2 /* Pods-LosTrouveeTests.debug.xcconfig */ = {isa = PBXFileReference; includeInIndex = 1; lastKnownFileType = text.xcconfig; name = "Pods-LosTrouveeTests.debug.xcconfig"; path = "Pods/Target Support Files/Pods-LosTrouveeTests/Pods-LosTrouveeTests.debug.xcconfig"; sourceTree = "<group>"; };
		EE822E8A6E46F88ABD50F3F6 /* Pods_LosTrouveeUITests.framework */ = {isa = PBXFileReference; explicitFileType = wrapper.framework; includeInIndex = 0; path = Pods_LosTrouveeUITests.framework; sourceTree = BUILT_PRODUCTS_DIR; };
		F4F3BCA6D2CDE7A1F3CF30DF /* Pods-LosTrouveeUITests.release.xcconfig */ = {isa = PBXFileReference; includeInIndex = 1; lastKnownFileType = text.xcconfig; name = "Pods-LosTrouveeUITests.release.xcconfig"; path = "Pods/Target Support Files/Pods-LosTrouveeUITests/Pods-LosTrouveeUITests.release.xcconfig"; sourceTree = "<group>"; };
/* End PBXFileReference section */

/* Begin PBXFrameworksBuildPhase section */
		4907987A216F7F12000C9BEC /* Frameworks */ = {
			isa = PBXFrameworksBuildPhase;
			buildActionMask = 2147483647;
			files = (
				84BA1C3216EA6FE824D04C46 /* Pods_LosTrouvee.framework in Frameworks */,
			);
			runOnlyForDeploymentPostprocessing = 0;
		};
		49079891216F7F13000C9BEC /* Frameworks */ = {
			isa = PBXFrameworksBuildPhase;
			buildActionMask = 2147483647;
			files = (
				8561451388DE9FA3E0398FE4 /* Pods_LosTrouveeTests.framework in Frameworks */,
			);
			runOnlyForDeploymentPostprocessing = 0;
		};
		4907989C216F7F14000C9BEC /* Frameworks */ = {
			isa = PBXFrameworksBuildPhase;
			buildActionMask = 2147483647;
			files = (
				CD55C18096749EB7434CD6E9 /* Pods_LosTrouveeUITests.framework in Frameworks */,
			);
			runOnlyForDeploymentPostprocessing = 0;
		};
/* End PBXFrameworksBuildPhase section */

/* Begin PBXGroup section */
		49079874216F7F12000C9BEC = {
			isa = PBXGroup;
			children = (
				4907987F216F7F12000C9BEC /* LosTrouvee */,
				49079897216F7F14000C9BEC /* LosTrouveeTests */,
				490798A2216F7F14000C9BEC /* LosTrouveeUITests */,
				4907987E216F7F12000C9BEC /* Products */,
				9CED05768B3497DB15498A37 /* Pods */,
				EB3CAD3FC99F1C3F31C9CD87 /* Frameworks */,
			);
			sourceTree = "<group>";
		};
		4907987E216F7F12000C9BEC /* Products */ = {
			isa = PBXGroup;
			children = (
				4907987D216F7F12000C9BEC /* LosTrouvee.app */,
				49079894216F7F14000C9BEC /* LosTrouveeTests.xctest */,
				4907989F216F7F14000C9BEC /* LosTrouveeUITests.xctest */,
			);
			name = Products;
			sourceTree = "<group>";
		};
		4907987F216F7F12000C9BEC /* LosTrouvee */ = {
			isa = PBXGroup;
			children = (
				49638A3C21AEDAD700CBC6C2 /* ViewControllers */,
				49D4114F219DE641008804F5 /* Model */,
				49079880216F7F12000C9BEC /* AppDelegate.swift */,
				49079884216F7F12000C9BEC /* Main.storyboard */,
				4907988A216F7F13000C9BEC /* Assets.xcassets */,
				4907988C216F7F13000C9BEC /* LaunchScreen.storyboard */,
				4907988F216F7F13000C9BEC /* Info.plist */,
				49079887216F7F12000C9BEC /* LosTrouvee.xcdatamodeld */,
			);
			path = LosTrouvee;
			sourceTree = "<group>";
		};
		49079897216F7F14000C9BEC /* LosTrouveeTests */ = {
			isa = PBXGroup;
			children = (
				49079898216F7F14000C9BEC /* LosTrouveeTests.swift */,
				4907989A216F7F14000C9BEC /* Info.plist */,
			);
			path = LosTrouveeTests;
			sourceTree = "<group>";
		};
		490798A2216F7F14000C9BEC /* LosTrouveeUITests */ = {
			isa = PBXGroup;
			children = (
				490798A3216F7F14000C9BEC /* LosTrouveeUITests.swift */,
				490798A5216F7F14000C9BEC /* Info.plist */,
			);
			path = LosTrouveeUITests;
			sourceTree = "<group>";
		};
		49638A3C21AEDAD700CBC6C2 /* ViewControllers */ = {
			isa = PBXGroup;
			children = (
				49638A3A21AEDACB00CBC6C2 /* ItemsTableViewController.swift */,
				49638A3D21AEDB8C00CBC6C2 /* ItemTableViewCell.swift */,
				4918CEE221D3CAD9005E0303 /* AddItemTableViewController.swift */,
				4948091121DD3FE3008DB623 /* LoginTableViewController.swift */,
				4948091321DD3FEC008DB623 /* RegisterTableViewController.swift */,
			);
			path = ViewControllers;
			sourceTree = "<group>";
		};
		49D4114F219DE641008804F5 /* Model */ = {
			isa = PBXGroup;
			children = (
				49D41154219DEA7E008804F5 /* DummyData.swift */,
				49D4114D219DE637008804F5 /* Item.swift */,
				49D41152219DE94E008804F5 /* User.swift */,
				4918CEE421D3E79C005E0303 /* StringExtension.swift */,
				4948091521DD40E1008DB623 /* ViewControllerExtension.swift */,
			);
			path = Model;
			sourceTree = "<group>";
		};
		9CED05768B3497DB15498A37 /* Pods */ = {
			isa = PBXGroup;
			children = (
				17FCC58AB8CD1D1957726063 /* Pods-LosTrouvee.debug.xcconfig */,
				006512FE1F5E0B7D48E1A6DE /* Pods-LosTrouvee.release.xcconfig */,
				AC0213812E5498682EE4E8E2 /* Pods-LosTrouveeTests.debug.xcconfig */,
				2F9EA35DF7CE407D4F673BC3 /* Pods-LosTrouveeTests.release.xcconfig */,
				40E86BB807AC6D70288DE3C5 /* Pods-LosTrouveeUITests.debug.xcconfig */,
				F4F3BCA6D2CDE7A1F3CF30DF /* Pods-LosTrouveeUITests.release.xcconfig */,
			);
			name = Pods;
			sourceTree = "<group>";
		};
		EB3CAD3FC99F1C3F31C9CD87 /* Frameworks */ = {
			isa = PBXGroup;
			children = (
				052BB08F4AE2AAEB753FD85E /* Pods_LosTrouvee.framework */,
				93DA0CBC8EBDC48048AFF26D /* Pods_LosTrouveeTests.framework */,
				EE822E8A6E46F88ABD50F3F6 /* Pods_LosTrouveeUITests.framework */,
			);
			name = Frameworks;
			sourceTree = "<group>";
		};
/* End PBXGroup section */

/* Begin PBXNativeTarget section */
		4907987C216F7F12000C9BEC /* LosTrouvee */ = {
			isa = PBXNativeTarget;
			buildConfigurationList = 490798A8216F7F14000C9BEC /* Build configuration list for PBXNativeTarget "LosTrouvee" */;
			buildPhases = (
				B8CAF5260EDCADB89EDA2725 /* [CP] Check Pods Manifest.lock */,
				49079879216F7F12000C9BEC /* Sources */,
				4907987A216F7F12000C9BEC /* Frameworks */,
				4907987B216F7F12000C9BEC /* Resources */,
				CEC8AA4B3322503164182307 /* [CP] Embed Pods Frameworks */,
			);
			buildRules = (
			);
			dependencies = (
			);
			name = LosTrouvee;
			productName = LosTrouvee;
			productReference = 4907987D216F7F12000C9BEC /* LosTrouvee.app */;
			productType = "com.apple.product-type.application";
		};
		49079893216F7F13000C9BEC /* LosTrouveeTests */ = {
			isa = PBXNativeTarget;
			buildConfigurationList = 490798AB216F7F14000C9BEC /* Build configuration list for PBXNativeTarget "LosTrouveeTests" */;
			buildPhases = (
				2F0BBD89E0A4586C90DB316E /* [CP] Check Pods Manifest.lock */,
				49079890216F7F13000C9BEC /* Sources */,
				49079891216F7F13000C9BEC /* Frameworks */,
				49079892216F7F13000C9BEC /* Resources */,
			);
			buildRules = (
			);
			dependencies = (
				49079896216F7F14000C9BEC /* PBXTargetDependency */,
			);
			name = LosTrouveeTests;
			productName = LosTrouveeTests;
			productReference = 49079894216F7F14000C9BEC /* LosTrouveeTests.xctest */;
			productType = "com.apple.product-type.bundle.unit-test";
		};
		4907989E216F7F14000C9BEC /* LosTrouveeUITests */ = {
			isa = PBXNativeTarget;
			buildConfigurationList = 490798AE216F7F14000C9BEC /* Build configuration list for PBXNativeTarget "LosTrouveeUITests" */;
			buildPhases = (
				744DE0BFBC7FE8BE2DFCB592 /* [CP] Check Pods Manifest.lock */,
				4907989B216F7F14000C9BEC /* Sources */,
				4907989C216F7F14000C9BEC /* Frameworks */,
				4907989D216F7F14000C9BEC /* Resources */,
			);
			buildRules = (
			);
			dependencies = (
				490798A1216F7F14000C9BEC /* PBXTargetDependency */,
			);
			name = LosTrouveeUITests;
			productName = LosTrouveeUITests;
			productReference = 4907989F216F7F14000C9BEC /* LosTrouveeUITests.xctest */;
			productType = "com.apple.product-type.bundle.ui-testing";
		};
/* End PBXNativeTarget section */

/* Begin PBXProject section */
		49079875216F7F12000C9BEC /* Project object */ = {
			isa = PBXProject;
			attributes = {
				LastSwiftUpdateCheck = 1000;
				LastUpgradeCheck = 1000;
				ORGANIZATIONNAME = "Jari De Graeve";
				TargetAttributes = {
					4907987C216F7F12000C9BEC = {
						CreatedOnToolsVersion = 10.0;
					};
					49079893216F7F13000C9BEC = {
						CreatedOnToolsVersion = 10.0;
						TestTargetID = 4907987C216F7F12000C9BEC;
					};
					4907989E216F7F14000C9BEC = {
						CreatedOnToolsVersion = 10.0;
						TestTargetID = 4907987C216F7F12000C9BEC;
					};
				};
			};
			buildConfigurationList = 49079878216F7F12000C9BEC /* Build configuration list for PBXProject "LosTrouvee" */;
			compatibilityVersion = "Xcode 9.3";
			developmentRegion = en;
			hasScannedForEncodings = 0;
			knownRegions = (
				en,
				Base,
			);
			mainGroup = 49079874216F7F12000C9BEC;
			productRefGroup = 4907987E216F7F12000C9BEC /* Products */;
			projectDirPath = "";
			projectRoot = "";
			targets = (
				4907987C216F7F12000C9BEC /* LosTrouvee */,
				49079893216F7F13000C9BEC /* LosTrouveeTests */,
				4907989E216F7F14000C9BEC /* LosTrouveeUITests */,
			);
		};
/* End PBXProject section */

/* Begin PBXResourcesBuildPhase section */
		4907987B216F7F12000C9BEC /* Resources */ = {
			isa = PBXResourcesBuildPhase;
			buildActionMask = 2147483647;
			files = (
				4907988E216F7F13000C9BEC /* LaunchScreen.storyboard in Resources */,
				4907988B216F7F13000C9BEC /* Assets.xcassets in Resources */,
				49079886216F7F12000C9BEC /* Main.storyboard in Resources */,
			);
			runOnlyForDeploymentPostprocessing = 0;
		};
		49079892216F7F13000C9BEC /* Resources */ = {
			isa = PBXResourcesBuildPhase;
			buildActionMask = 2147483647;
			files = (
			);
			runOnlyForDeploymentPostprocessing = 0;
		};
		4907989D216F7F14000C9BEC /* Resources */ = {
			isa = PBXResourcesBuildPhase;
			buildActionMask = 2147483647;
			files = (
			);
			runOnlyForDeploymentPostprocessing = 0;
		};
/* End PBXResourcesBuildPhase section */

/* Begin PBXShellScriptBuildPhase section */
		2F0BBD89E0A4586C90DB316E /* [CP] Check Pods Manifest.lock */ = {
			isa = PBXShellScriptBuildPhase;
			buildActionMask = 2147483647;
			files = (
			);
			inputFileListPaths = (
			);
			inputPaths = (
				"${PODS_PODFILE_DIR_PATH}/Podfile.lock",
				"${PODS_ROOT}/Manifest.lock",
			);
			name = "[CP] Check Pods Manifest.lock";
			outputFileListPaths = (
			);
			outputPaths = (
				"$(DERIVED_FILE_DIR)/Pods-LosTrouveeTests-checkManifestLockResult.txt",
			);
			runOnlyForDeploymentPostprocessing = 0;
			shellPath = /bin/sh;
			shellScript = "diff \"${PODS_PODFILE_DIR_PATH}/Podfile.lock\" \"${PODS_ROOT}/Manifest.lock\" > /dev/null\nif [ $? != 0 ] ; then\n    # print error to STDERR\n    echo \"error: The sandbox is not in sync with the Podfile.lock. Run 'pod install' or update your CocoaPods installation.\" >&2\n    exit 1\nfi\n# This output is used by Xcode 'outputs' to avoid re-running this script phase.\necho \"SUCCESS\" > \"${SCRIPT_OUTPUT_FILE_0}\"\n";
			showEnvVarsInLog = 0;
		};
		744DE0BFBC7FE8BE2DFCB592 /* [CP] Check Pods Manifest.lock */ = {
			isa = PBXShellScriptBuildPhase;
			buildActionMask = 2147483647;
			files = (
			);
			inputFileListPaths = (
			);
			inputPaths = (
				"${PODS_PODFILE_DIR_PATH}/Podfile.lock",
				"${PODS_ROOT}/Manifest.lock",
			);
			name = "[CP] Check Pods Manifest.lock";
			outputFileListPaths = (
			);
			outputPaths = (
				"$(DERIVED_FILE_DIR)/Pods-LosTrouveeUITests-checkManifestLockResult.txt",
			);
			runOnlyForDeploymentPostprocessing = 0;
			shellPath = /bin/sh;
			shellScript = "diff \"${PODS_PODFILE_DIR_PATH}/Podfile.lock\" \"${PODS_ROOT}/Manifest.lock\" > /dev/null\nif [ $? != 0 ] ; then\n    # print error to STDERR\n    echo \"error: The sandbox is not in sync with the Podfile.lock. Run 'pod install' or update your CocoaPods installation.\" >&2\n    exit 1\nfi\n# This output is used by Xcode 'outputs' to avoid re-running this script phase.\necho \"SUCCESS\" > \"${SCRIPT_OUTPUT_FILE_0}\"\n";
			showEnvVarsInLog = 0;
		};
		B8CAF5260EDCADB89EDA2725 /* [CP] Check Pods Manifest.lock */ = {
			isa = PBXShellScriptBuildPhase;
			buildActionMask = 2147483647;
			files = (
			);
			inputFileListPaths = (
			);
			inputPaths = (
				"${PODS_PODFILE_DIR_PATH}/Podfile.lock",
				"${PODS_ROOT}/Manifest.lock",
			);
			name = "[CP] Check Pods Manifest.lock";
			outputFileListPaths = (
			);
			outputPaths = (
				"$(DERIVED_FILE_DIR)/Pods-LosTrouvee-checkManifestLockResult.txt",
			);
			runOnlyForDeploymentPostprocessing = 0;
			shellPath = /bin/sh;
			shellScript = "diff \"${PODS_PODFILE_DIR_PATH}/Podfile.lock\" \"${PODS_ROOT}/Manifest.lock\" > /dev/null\nif [ $? != 0 ] ; then\n    # print error to STDERR\n    echo \"error: The sandbox is not in sync with the Podfile.lock. Run 'pod install' or update your CocoaPods installation.\" >&2\n    exit 1\nfi\n# This output is used by Xcode 'outputs' to avoid re-running this script phase.\necho \"SUCCESS\" > \"${SCRIPT_OUTPUT_FILE_0}\"\n";
			showEnvVarsInLog = 0;
		};
		CEC8AA4B3322503164182307 /* [CP] Embed Pods Frameworks */ = {
			isa = PBXShellScriptBuildPhase;
			buildActionMask = 2147483647;
			files = (
			);
			inputFileListPaths = (
			);
			inputPaths = (
				"${SRCROOT}/Pods/Target Support Files/Pods-LosTrouvee/Pods-LosTrouvee-frameworks.sh",
				"${BUILT_PRODUCTS_DIR}/Realm/Realm.framework",
				"${BUILT_PRODUCTS_DIR}/RealmSwift/RealmSwift.framework",
			);
			name = "[CP] Embed Pods Frameworks";
			outputFileListPaths = (
			);
			outputPaths = (
				"${TARGET_BUILD_DIR}/${FRAMEWORKS_FOLDER_PATH}/Realm.framework",
				"${TARGET_BUILD_DIR}/${FRAMEWORKS_FOLDER_PATH}/RealmSwift.framework",
			);
			runOnlyForDeploymentPostprocessing = 0;
			shellPath = /bin/sh;
			shellScript = "\"${SRCROOT}/Pods/Target Support Files/Pods-LosTrouvee/Pods-LosTrouvee-frameworks.sh\"\n";
			showEnvVarsInLog = 0;
		};
/* End PBXShellScriptBuildPhase section */

/* Begin PBXSourcesBuildPhase section */
		49079879216F7F12000C9BEC /* Sources */ = {
			isa = PBXSourcesBuildPhase;
			buildActionMask = 2147483647;
			files = (
				49079889216F7F12000C9BEC /* LosTrouvee.xcdatamodeld in Sources */,
				49D4114E219DE637008804F5 /* Item.swift in Sources */,
				49638A3B21AEDACB00CBC6C2 /* ItemsTableViewController.swift in Sources */,
				49079881216F7F12000C9BEC /* AppDelegate.swift in Sources */,
				4918CEE321D3CAD9005E0303 /* AddItemTableViewController.swift in Sources */,
				4948091221DD3FE3008DB623 /* LoginTableViewController.swift in Sources */,
				4918CEE521D3E79C005E0303 /* StringExtension.swift in Sources */,
				49D41155219DEA7E008804F5 /* DummyData.swift in Sources */,
				4948091621DD40E1008DB623 /* ViewControllerExtension.swift in Sources */,
				49638A3E21AEDB8C00CBC6C2 /* ItemTableViewCell.swift in Sources */,
				49D41153219DE94E008804F5 /* User.swift in Sources */,
				4948091421DD3FEC008DB623 /* RegisterTableViewController.swift in Sources */,
			);
			runOnlyForDeploymentPostprocessing = 0;
		};
		49079890216F7F13000C9BEC /* Sources */ = {
			isa = PBXSourcesBuildPhase;
			buildActionMask = 2147483647;
			files = (
				49079899216F7F14000C9BEC /* LosTrouveeTests.swift in Sources */,
			);
			runOnlyForDeploymentPostprocessing = 0;
		};
		4907989B216F7F14000C9BEC /* Sources */ = {
			isa = PBXSourcesBuildPhase;
			buildActionMask = 2147483647;
			files = (
				490798A4216F7F14000C9BEC /* LosTrouveeUITests.swift in Sources */,
			);
			runOnlyForDeploymentPostprocessing = 0;
		};
/* End PBXSourcesBuildPhase section */

/* Begin PBXTargetDependency section */
		49079896216F7F14000C9BEC /* PBXTargetDependency */ = {
			isa = PBXTargetDependency;
			target = 4907987C216F7F12000C9BEC /* LosTrouvee */;
			targetProxy = 49079895216F7F14000C9BEC /* PBXContainerItemProxy */;
		};
		490798A1216F7F14000C9BEC /* PBXTargetDependency */ = {
			isa = PBXTargetDependency;
			target = 4907987C216F7F12000C9BEC /* LosTrouvee */;
			targetProxy = 490798A0216F7F14000C9BEC /* PBXContainerItemProxy */;
		};
/* End PBXTargetDependency section */

/* Begin PBXVariantGroup section */
		49079884216F7F12000C9BEC /* Main.storyboard */ = {
			isa = PBXVariantGroup;
			children = (
				49079885216F7F12000C9BEC /* Base */,
			);
			name = Main.storyboard;
			sourceTree = "<group>";
		};
		4907988C216F7F13000C9BEC /* LaunchScreen.storyboard */ = {
			isa = PBXVariantGroup;
			children = (
				4907988D216F7F13000C9BEC /* Base */,
			);
			name = LaunchScreen.storyboard;
			sourceTree = "<group>";
		};
/* End PBXVariantGroup section */

/* Begin XCBuildConfiguration section */
		490798A6216F7F14000C9BEC /* Debug */ = {
			isa = XCBuildConfiguration;
			buildSettings = {
				ALWAYS_SEARCH_USER_PATHS = NO;
				CLANG_ANALYZER_NONNULL = YES;
				CLANG_ANALYZER_NUMBER_OBJECT_CONVERSION = YES_AGGRESSIVE;
				CLANG_CXX_LANGUAGE_STANDARD = "gnu++14";
				CLANG_CXX_LIBRARY = "libc++";
				CLANG_ENABLE_MODULES = YES;
				CLANG_ENABLE_OBJC_ARC = YES;
				CLANG_ENABLE_OBJC_WEAK = YES;
				CLANG_WARN_BLOCK_CAPTURE_AUTORELEASING = YES;
				CLANG_WARN_BOOL_CONVERSION = YES;
				CLANG_WARN_COMMA = YES;
				CLANG_WARN_CONSTANT_CONVERSION = YES;
				CLANG_WARN_DEPRECATED_OBJC_IMPLEMENTATIONS = YES;
				CLANG_WARN_DIRECT_OBJC_ISA_USAGE = YES_ERROR;
				CLANG_WARN_DOCUMENTATION_COMMENTS = YES;
				CLANG_WARN_EMPTY_BODY = YES;
				CLANG_WARN_ENUM_CONVERSION = YES;
				CLANG_WARN_INFINITE_RECURSION = YES;
				CLANG_WARN_INT_CONVERSION = YES;
				CLANG_WARN_NON_LITERAL_NULL_CONVERSION = YES;
				CLANG_WARN_OBJC_IMPLICIT_RETAIN_SELF = YES;
				CLANG_WARN_OBJC_LITERAL_CONVERSION = YES;
				CLANG_WARN_OBJC_ROOT_CLASS = YES_ERROR;
				CLANG_WARN_RANGE_LOOP_ANALYSIS = YES;
				CLANG_WARN_STRICT_PROTOTYPES = YES;
				CLANG_WARN_SUSPICIOUS_MOVE = YES;
				CLANG_WARN_UNGUARDED_AVAILABILITY = YES_AGGRESSIVE;
				CLANG_WARN_UNREACHABLE_CODE = YES;
				CLANG_WARN__DUPLICATE_METHOD_MATCH = YES;
				CODE_SIGN_IDENTITY = "iPhone Developer";
				COPY_PHASE_STRIP = NO;
				DEBUG_INFORMATION_FORMAT = dwarf;
				ENABLE_STRICT_OBJC_MSGSEND = YES;
				ENABLE_TESTABILITY = YES;
				GCC_C_LANGUAGE_STANDARD = gnu11;
				GCC_DYNAMIC_NO_PIC = NO;
				GCC_NO_COMMON_BLOCKS = YES;
				GCC_OPTIMIZATION_LEVEL = 0;
				GCC_PREPROCESSOR_DEFINITIONS = (
					"DEBUG=1",
					"$(inherited)",
				);
				GCC_WARN_64_TO_32_BIT_CONVERSION = YES;
				GCC_WARN_ABOUT_RETURN_TYPE = YES_ERROR;
				GCC_WARN_UNDECLARED_SELECTOR = YES;
				GCC_WARN_UNINITIALIZED_AUTOS = YES_AGGRESSIVE;
				GCC_WARN_UNUSED_FUNCTION = YES;
				GCC_WARN_UNUSED_VARIABLE = YES;
				IPHONEOS_DEPLOYMENT_TARGET = 12.0;
				MTL_ENABLE_DEBUG_INFO = INCLUDE_SOURCE;
				MTL_FAST_MATH = YES;
				ONLY_ACTIVE_ARCH = YES;
				SDKROOT = iphoneos;
				SWIFT_ACTIVE_COMPILATION_CONDITIONS = DEBUG;
				SWIFT_OPTIMIZATION_LEVEL = "-Onone";
			};
			name = Debug;
		};
		490798A7216F7F14000C9BEC /* Release */ = {
			isa = XCBuildConfiguration;
			buildSettings = {
				ALWAYS_SEARCH_USER_PATHS = NO;
				CLANG_ANALYZER_NONNULL = YES;
				CLANG_ANALYZER_NUMBER_OBJECT_CONVERSION = YES_AGGRESSIVE;
				CLANG_CXX_LANGUAGE_STANDARD = "gnu++14";
				CLANG_CXX_LIBRARY = "libc++";
				CLANG_ENABLE_MODULES = YES;
				CLANG_ENABLE_OBJC_ARC = YES;
				CLANG_ENABLE_OBJC_WEAK = YES;
				CLANG_WARN_BLOCK_CAPTURE_AUTORELEASING = YES;
				CLANG_WARN_BOOL_CONVERSION = YES;
				CLANG_WARN_COMMA = YES;
				CLANG_WARN_CONSTANT_CONVERSION = YES;
				CLANG_WARN_DEPRECATED_OBJC_IMPLEMENTATIONS = YES;
				CLANG_WARN_DIRECT_OBJC_ISA_USAGE = YES_ERROR;
				CLANG_WARN_DOCUMENTATION_COMMENTS = YES;
				CLANG_WARN_EMPTY_BODY = YES;
				CLANG_WARN_ENUM_CONVERSION = YES;
				CLANG_WARN_INFINITE_RECURSION = YES;
				CLANG_WARN_INT_CONVERSION = YES;
				CLANG_WARN_NON_LITERAL_NULL_CONVERSION = YES;
				CLANG_WARN_OBJC_IMPLICIT_RETAIN_SELF = YES;
				CLANG_WARN_OBJC_LITERAL_CONVERSION = YES;
				CLANG_WARN_OBJC_ROOT_CLASS = YES_ERROR;
				CLANG_WARN_RANGE_LOOP_ANALYSIS = YES;
				CLANG_WARN_STRICT_PROTOTYPES = YES;
				CLANG_WARN_SUSPICIOUS_MOVE = YES;
				CLANG_WARN_UNGUARDED_AVAILABILITY = YES_AGGRESSIVE;
				CLANG_WARN_UNREACHABLE_CODE = YES;
				CLANG_WARN__DUPLICATE_METHOD_MATCH = YES;
				CODE_SIGN_IDENTITY = "iPhone Developer";
				COPY_PHASE_STRIP = NO;
				DEBUG_INFORMATION_FORMAT = "dwarf-with-dsym";
				ENABLE_NS_ASSERTIONS = NO;
				ENABLE_STRICT_OBJC_MSGSEND = YES;
				GCC_C_LANGUAGE_STANDARD = gnu11;
				GCC_NO_COMMON_BLOCKS = YES;
				GCC_WARN_64_TO_32_BIT_CONVERSION = YES;
				GCC_WARN_ABOUT_RETURN_TYPE = YES_ERROR;
				GCC_WARN_UNDECLARED_SELECTOR = YES;
				GCC_WARN_UNINITIALIZED_AUTOS = YES_AGGRESSIVE;
				GCC_WARN_UNUSED_FUNCTION = YES;
				GCC_WARN_UNUSED_VARIABLE = YES;
				IPHONEOS_DEPLOYMENT_TARGET = 12.0;
				MTL_ENABLE_DEBUG_INFO = NO;
				MTL_FAST_MATH = YES;
				SDKROOT = iphoneos;
				SWIFT_COMPILATION_MODE = wholemodule;
				SWIFT_OPTIMIZATION_LEVEL = "-O";
				VALIDATE_PRODUCT = YES;
			};
			name = Release;
		};
		490798A9216F7F14000C9BEC /* Debug */ = {
			isa = XCBuildConfiguration;
			baseConfigurationReference = 17FCC58AB8CD1D1957726063 /* Pods-LosTrouvee.debug.xcconfig */;
			buildSettings = {
				ASSETCATALOG_COMPILER_APPICON_NAME = AppIcon;
				CODE_SIGN_STYLE = Automatic;
				DEVELOPMENT_TEAM = ZLV9ZRUCAM;
				INFOPLIST_FILE = LosTrouvee/Info.plist;
				LD_RUNPATH_SEARCH_PATHS = (
					"$(inherited)",
					"@executable_path/Frameworks",
				);
				PRODUCT_BUNDLE_IDENTIFIER = com.exemple.LosTrouvee;
				PRODUCT_NAME = "$(TARGET_NAME)";
				SWIFT_VERSION = 4.2;
				TARGETED_DEVICE_FAMILY = "1,2";
			};
			name = Debug;
		};
		490798AA216F7F14000C9BEC /* Release */ = {
			isa = XCBuildConfiguration;
			baseConfigurationReference = 006512FE1F5E0B7D48E1A6DE /* Pods-LosTrouvee.release.xcconfig */;
			buildSettings = {
				ASSETCATALOG_COMPILER_APPICON_NAME = AppIcon;
				CODE_SIGN_STYLE = Automatic;
				DEVELOPMENT_TEAM = ZLV9ZRUCAM;
				INFOPLIST_FILE = LosTrouvee/Info.plist;
				LD_RUNPATH_SEARCH_PATHS = (
					"$(inherited)",
					"@executable_path/Frameworks",
				);
				PRODUCT_BUNDLE_IDENTIFIER = com.exemple.LosTrouvee;
				PRODUCT_NAME = "$(TARGET_NAME)";
				SWIFT_VERSION = 4.2;
				TARGETED_DEVICE_FAMILY = "1,2";
			};
			name = Release;
		};
		490798AC216F7F14000C9BEC /* Debug */ = {
			isa = XCBuildConfiguration;
			baseConfigurationReference = AC0213812E5498682EE4E8E2 /* Pods-LosTrouveeTests.debug.xcconfig */;
			buildSettings = {
				ALWAYS_EMBED_SWIFT_STANDARD_LIBRARIES = YES;
				BUNDLE_LOADER = "$(TEST_HOST)";
				CODE_SIGN_STYLE = Automatic;
				DEVELOPMENT_TEAM = ZLV9ZRUCAM;
				INFOPLIST_FILE = LosTrouveeTests/Info.plist;
				LD_RUNPATH_SEARCH_PATHS = (
					"$(inherited)",
					"@executable_path/Frameworks",
					"@loader_path/Frameworks",
				);
				PRODUCT_BUNDLE_IDENTIFIER = com.exemple.LosTrouveeTests;
				PRODUCT_NAME = "$(TARGET_NAME)";
				SWIFT_VERSION = 4.2;
				TARGETED_DEVICE_FAMILY = "1,2";
				TEST_HOST = "$(BUILT_PRODUCTS_DIR)/LosTrouvee.app/LosTrouvee";
			};
			name = Debug;
		};
		490798AD216F7F14000C9BEC /* Release */ = {
			isa = XCBuildConfiguration;
			baseConfigurationReference = 2F9EA35DF7CE407D4F673BC3 /* Pods-LosTrouveeTests.release.xcconfig */;
			buildSettings = {
				ALWAYS_EMBED_SWIFT_STANDARD_LIBRARIES = YES;
				BUNDLE_LOADER = "$(TEST_HOST)";
				CODE_SIGN_STYLE = Automatic;
				DEVELOPMENT_TEAM = ZLV9ZRUCAM;
				INFOPLIST_FILE = LosTrouveeTests/Info.plist;
				LD_RUNPATH_SEARCH_PATHS = (
					"$(inherited)",
					"@executable_path/Frameworks",
					"@loader_path/Frameworks",
				);
				PRODUCT_BUNDLE_IDENTIFIER = com.exemple.LosTrouveeTests;
				PRODUCT_NAME = "$(TARGET_NAME)";
				SWIFT_VERSION = 4.2;
				TARGETED_DEVICE_FAMILY = "1,2";
				TEST_HOST = "$(BUILT_PRODUCTS_DIR)/LosTrouvee.app/LosTrouvee";
			};
			name = Release;
		};
		490798AF216F7F14000C9BEC /* Debug */ = {
			isa = XCBuildConfiguration;
			baseConfigurationReference = 40E86BB807AC6D70288DE3C5 /* Pods-LosTrouveeUITests.debug.xcconfig */;
			buildSettings = {
				ALWAYS_EMBED_SWIFT_STANDARD_LIBRARIES = YES;
				CODE_SIGN_STYLE = Automatic;
				DEVELOPMENT_TEAM = ZLV9ZRUCAM;
				INFOPLIST_FILE = LosTrouveeUITests/Info.plist;
				LD_RUNPATH_SEARCH_PATHS = (
					"$(inherited)",
					"@executable_path/Frameworks",
					"@loader_path/Frameworks",
				);
				PRODUCT_BUNDLE_IDENTIFIER = com.exemple.LosTrouveeUITests;
				PRODUCT_NAME = "$(TARGET_NAME)";
				SWIFT_VERSION = 4.2;
				TARGETED_DEVICE_FAMILY = "1,2";
				TEST_TARGET_NAME = LosTrouvee;
			};
			name = Debug;
		};
		490798B0216F7F14000C9BEC /* Release */ = {
			isa = XCBuildConfiguration;
			baseConfigurationReference = F4F3BCA6D2CDE7A1F3CF30DF /* Pods-LosTrouveeUITests.release.xcconfig */;
			buildSettings = {
				ALWAYS_EMBED_SWIFT_STANDARD_LIBRARIES = YES;
				CODE_SIGN_STYLE = Automatic;
				DEVELOPMENT_TEAM = ZLV9ZRUCAM;
				INFOPLIST_FILE = LosTrouveeUITests/Info.plist;
				LD_RUNPATH_SEARCH_PATHS = (
					"$(inherited)",
					"@executable_path/Frameworks",
					"@loader_path/Frameworks",
				);
				PRODUCT_BUNDLE_IDENTIFIER = com.exemple.LosTrouveeUITests;
				PRODUCT_NAME = "$(TARGET_NAME)";
				SWIFT_VERSION = 4.2;
				TARGETED_DEVICE_FAMILY = "1,2";
				TEST_TARGET_NAME = LosTrouvee;
			};
			name = Release;
		};
/* End XCBuildConfiguration section */

/* Begin XCConfigurationList section */
		49079878216F7F12000C9BEC /* Build configuration list for PBXProject "LosTrouvee" */ = {
			isa = XCConfigurationList;
			buildConfigurations = (
				490798A6216F7F14000C9BEC /* Debug */,
				490798A7216F7F14000C9BEC /* Release */,
			);
			defaultConfigurationIsVisible = 0;
			defaultConfigurationName = Release;
		};
		490798A8216F7F14000C9BEC /* Build configuration list for PBXNativeTarget "LosTrouvee" */ = {
			isa = XCConfigurationList;
			buildConfigurations = (
				490798A9216F7F14000C9BEC /* Debug */,
				490798AA216F7F14000C9BEC /* Release */,
			);
			defaultConfigurationIsVisible = 0;
			defaultConfigurationName = Release;
		};
		490798AB216F7F14000C9BEC /* Build configuration list for PBXNativeTarget "LosTrouveeTests" */ = {
			isa = XCConfigurationList;
			buildConfigurations = (
				490798AC216F7F14000C9BEC /* Debug */,
				490798AD216F7F14000C9BEC /* Release */,
			);
			defaultConfigurationIsVisible = 0;
			defaultConfigurationName = Release;
		};
		490798AE216F7F14000C9BEC /* Build configuration list for PBXNativeTarget "LosTrouveeUITests" */ = {
			isa = XCConfigurationList;
			buildConfigurations = (
				490798AF216F7F14000C9BEC /* Debug */,
				490798B0216F7F14000C9BEC /* Release */,
			);
			defaultConfigurationIsVisible = 0;
			defaultConfigurationName = Release;
		};
/* End XCConfigurationList section */

/* Begin XCVersionGroup section */
		49079887216F7F12000C9BEC /* LosTrouvee.xcdatamodeld */ = {
			isa = XCVersionGroup;
			children = (
				49079888216F7F12000C9BEC /* LosTrouvee.xcdatamodel */,
			);
			currentVersion = 49079888216F7F12000C9BEC /* LosTrouvee.xcdatamodel */;
			path = LosTrouvee.xcdatamodeld;
			sourceTree = "<group>";
			versionGroupType = wrapper.xcdatamodel;
		};
/* End XCVersionGroup section */
	};
	rootObject = 49079875216F7F12000C9BEC /* Project object */;
}
